
Microsoft Visual Studio Solution File, Format Version 12.00
# Visual Studio Version 17
VisualStudioVersion = 17.13.35931.197 d17.13
MinimumVisualStudioVersion = 10.0.40219.1
Project("{8BC9CEB8-8B4A-11D0-8D11-00A0C91BC942}") = "2025-11-06 정렬 2번 (가장 큰 수)", "2025-11-06 정렬 2번 (가장 큰 수)\2025-11-06 정렬 2번 (가장 큰 수).vcxproj", "{CB80166A-B0FC-4431-9177-67F6A3685433}"
EndProject
Global
	GlobalSection(SolutionConfigurationPlatforms) = preSolution
		Debug|x64 = Debug|x64
		Debug|x86 = Debug|x86
		Release|x64 = Release|x64
		Release|x86 = Release|x86
	EndGlobalSection
	GlobalSection(ProjectConfigurationPlatforms) = postSolution
		{CB80166A-B0FC-4431-9177-67F6A3685433}.Debug|x64.ActiveCfg = Debug|x64
		{CB80166A-B0FC-4431-9177-67F6A3685433}.Debug|x64.Build.0 = Debug|x64
		{CB80166A-B0FC-4431-9177-67F6A3685433}.Debug|x86.ActiveCfg = Debug|Win32
		{CB80166A-B0FC-4431-9177-67F6A3685433}.Debug|x86.Build.0 = Debug|Win32
		{CB80166A-B0FC-4431-9177-67F6A3685433}.Release|x64.ActiveCfg = Release|x64
		{CB80166A-B0FC-4431-9177-67F6A3685433}.Release|x64.Build.0 = Release|x64
		{CB80166A-B0FC-4431-9177-67F6A3685433}.Release|x86.ActiveCfg = Release|Win32
		{CB80166A-B0FC-4431-9177-67F6A3685433}.Release|x86.Build.0 = Release|Win32
	EndGlobalSection
	GlobalSection(SolutionProperties) = preSolution
		HideSolutionNode = FALSE
	EndGlobalSection
	GlobalSection(ExtensibilityGlobals) = postSolution
		SolutionGuid = {AAED1C66-160B-4BF8-AFDD-4F24FEF1F1D0}
	EndGlobalSection
EndGlobal
