
Microsoft Visual Studio Solution File, Format Version 12.00
# Visual Studio Version 17
VisualStudioVersion = 17.13.35931.197 d17.13
MinimumVisualStudioVersion = 10.0.40219.1
Project("{8BC9CEB8-8B4A-11D0-8D11-00A0C91BC942}") = "2025-11-04 깊이너비 우선 탐색(DFSBFS) 1번(타겟 넘버)", "2025-11-04 깊이너비 우선 탐색(DFSBFS) 1번(타겟 넘버)\2025-11-04 깊이너비 우선 탐색(DFSBFS) 1번(타겟 넘버).vcxproj", "{87DDFC25-F404-493E-96DD-841ED235AF9A}"
EndProject
Global
	GlobalSection(SolutionConfigurationPlatforms) = preSolution
		Debug|x64 = Debug|x64
		Debug|x86 = Debug|x86
		Release|x64 = Release|x64
		Release|x86 = Release|x86
	EndGlobalSection
	GlobalSection(ProjectConfigurationPlatforms) = postSolution
		{87DDFC25-F404-493E-96DD-841ED235AF9A}.Debug|x64.ActiveCfg = Debug|x64
		{87DDFC25-F404-493E-96DD-841ED235AF9A}.Debug|x64.Build.0 = Debug|x64
		{87DDFC25-F404-493E-96DD-841ED235AF9A}.Debug|x86.ActiveCfg = Debug|Win32
		{87DDFC25-F404-493E-96DD-841ED235AF9A}.Debug|x86.Build.0 = Debug|Win32
		{87DDFC25-F404-493E-96DD-841ED235AF9A}.Release|x64.ActiveCfg = Release|x64
		{87DDFC25-F404-493E-96DD-841ED235AF9A}.Release|x64.Build.0 = Release|x64
		{87DDFC25-F404-493E-96DD-841ED235AF9A}.Release|x86.ActiveCfg = Release|Win32
		{87DDFC25-F404-493E-96DD-841ED235AF9A}.Release|x86.Build.0 = Release|Win32
	EndGlobalSection
	GlobalSection(SolutionProperties) = preSolution
		HideSolutionNode = FALSE
	EndGlobalSection
	GlobalSection(ExtensibilityGlobals) = postSolution
		SolutionGuid = {BCF2476C-DDBD-4F72-BAE0-0167BB11F5CF}
	EndGlobalSection
EndGlobal
