
Microsoft Visual Studio Solution File, Format Version 12.00
# Visual Studio Version 17
VisualStudioVersion = 17.14.36705.20 d17.14
MinimumVisualStudioVersion = 10.0.40219.1
Project("{8BC9CEB8-8B4A-11D0-8D11-00A0C91BC942}") = "2026-01-10 2017 카카오코드 예선 (4단 고음)", "2026-01-10 2017 카카오코드 예선 (4단 고음)\2026-01-10 2017 카카오코드 예선 (4단 고음).vcxproj", "{833BAEDD-66C6-4707-8C12-386A1A0C3F8C}"
EndProject
Global
	GlobalSection(SolutionConfigurationPlatforms) = preSolution
		Debug|x64 = Debug|x64
		Debug|x86 = Debug|x86
		Release|x64 = Release|x64
		Release|x86 = Release|x86
	EndGlobalSection
	GlobalSection(ProjectConfigurationPlatforms) = postSolution
		{833BAEDD-66C6-4707-8C12-386A1A0C3F8C}.Debug|x64.ActiveCfg = Debug|x64
		{833BAEDD-66C6-4707-8C12-386A1A0C3F8C}.Debug|x64.Build.0 = Debug|x64
		{833BAEDD-66C6-4707-8C12-386A1A0C3F8C}.Debug|x86.ActiveCfg = Debug|Win32
		{833BAEDD-66C6-4707-8C12-386A1A0C3F8C}.Debug|x86.Build.0 = Debug|Win32
		{833BAEDD-66C6-4707-8C12-386A1A0C3F8C}.Release|x64.ActiveCfg = Release|x64
		{833BAEDD-66C6-4707-8C12-386A1A0C3F8C}.Release|x64.Build.0 = Release|x64
		{833BAEDD-66C6-4707-8C12-386A1A0C3F8C}.Release|x86.ActiveCfg = Release|Win32
		{833BAEDD-66C6-4707-8C12-386A1A0C3F8C}.Release|x86.Build.0 = Release|Win32
	EndGlobalSection
	GlobalSection(SolutionProperties) = preSolution
		HideSolutionNode = FALSE
	EndGlobalSection
	GlobalSection(ExtensibilityGlobals) = postSolution
		SolutionGuid = {28EB6B7D-DC5E-4323-80E6-A8F3105E8029}
	EndGlobalSection
EndGlobal
