
Microsoft Visual Studio Solution File, Format Version 12.00
# Visual Studio Version 17
VisualStudioVersion = 17.13.35931.197 d17.13
MinimumVisualStudioVersion = 10.0.40219.1
Project("{8BC9CEB8-8B4A-11D0-8D11-00A0C91BC942}") = "2025-11-13 해시 3번 (전화번호 목록)", "2025-11-13 해시 3번 (전화번호 목록)\2025-11-13 해시 3번 (전화번호 목록).vcxproj", "{3E948864-E40B-4587-948C-DE645E1E48A7}"
EndProject
Global
	GlobalSection(SolutionConfigurationPlatforms) = preSolution
		Debug|x64 = Debug|x64
		Debug|x86 = Debug|x86
		Release|x64 = Release|x64
		Release|x86 = Release|x86
	EndGlobalSection
	GlobalSection(ProjectConfigurationPlatforms) = postSolution
		{3E948864-E40B-4587-948C-DE645E1E48A7}.Debug|x64.ActiveCfg = Debug|x64
		{3E948864-E40B-4587-948C-DE645E1E48A7}.Debug|x64.Build.0 = Debug|x64
		{3E948864-E40B-4587-948C-DE645E1E48A7}.Debug|x86.ActiveCfg = Debug|Win32
		{3E948864-E40B-4587-948C-DE645E1E48A7}.Debug|x86.Build.0 = Debug|Win32
		{3E948864-E40B-4587-948C-DE645E1E48A7}.Release|x64.ActiveCfg = Release|x64
		{3E948864-E40B-4587-948C-DE645E1E48A7}.Release|x64.Build.0 = Release|x64
		{3E948864-E40B-4587-948C-DE645E1E48A7}.Release|x86.ActiveCfg = Release|Win32
		{3E948864-E40B-4587-948C-DE645E1E48A7}.Release|x86.Build.0 = Release|Win32
	EndGlobalSection
	GlobalSection(SolutionProperties) = preSolution
		HideSolutionNode = FALSE
	EndGlobalSection
	GlobalSection(ExtensibilityGlobals) = postSolution
		SolutionGuid = {60EF9C0D-29D9-441D-A768-DECE40C1135E}
	EndGlobalSection
EndGlobal
