
Microsoft Visual Studio Solution File, Format Version 12.00
# Visual Studio Version 17
VisualStudioVersion = 17.13.35931.197 d17.13
MinimumVisualStudioVersion = 10.0.40219.1
Project("{8BC9CEB8-8B4A-11D0-8D11-00A0C91BC942}") = "2025-11-02 스택큐 1번 (같은 숫자는 싫어)", "2025-11-02 스택큐 1번 (같은 숫자는 싫어)\2025-11-02 스택큐 1번 (같은 숫자는 싫어).vcxproj", "{B4CD0D25-B3CA-4FBC-812F-C6D0C5DEF5C7}"
EndProject
Global
	GlobalSection(SolutionConfigurationPlatforms) = preSolution
		Debug|x64 = Debug|x64
		Debug|x86 = Debug|x86
		Release|x64 = Release|x64
		Release|x86 = Release|x86
	EndGlobalSection
	GlobalSection(ProjectConfigurationPlatforms) = postSolution
		{B4CD0D25-B3CA-4FBC-812F-C6D0C5DEF5C7}.Debug|x64.ActiveCfg = Debug|x64
		{B4CD0D25-B3CA-4FBC-812F-C6D0C5DEF5C7}.Debug|x64.Build.0 = Debug|x64
		{B4CD0D25-B3CA-4FBC-812F-C6D0C5DEF5C7}.Debug|x86.ActiveCfg = Debug|Win32
		{B4CD0D25-B3CA-4FBC-812F-C6D0C5DEF5C7}.Debug|x86.Build.0 = Debug|Win32
		{B4CD0D25-B3CA-4FBC-812F-C6D0C5DEF5C7}.Release|x64.ActiveCfg = Release|x64
		{B4CD0D25-B3CA-4FBC-812F-C6D0C5DEF5C7}.Release|x64.Build.0 = Release|x64
		{B4CD0D25-B3CA-4FBC-812F-C6D0C5DEF5C7}.Release|x86.ActiveCfg = Release|Win32
		{B4CD0D25-B3CA-4FBC-812F-C6D0C5DEF5C7}.Release|x86.Build.0 = Release|Win32
	EndGlobalSection
	GlobalSection(SolutionProperties) = preSolution
		HideSolutionNode = FALSE
	EndGlobalSection
	GlobalSection(ExtensibilityGlobals) = postSolution
		SolutionGuid = {855DCA1E-33A7-425E-8424-A70FF09E1FCE}
	EndGlobalSection
EndGlobal
