
Microsoft Visual Studio Solution File, Format Version 12.00
# Visual Studio Version 17
VisualStudioVersion = 17.14.36705.20 d17.14
MinimumVisualStudioVersion = 10.0.40219.1
Project("{8BC9CEB8-8B4A-11D0-8D11-00A0C91BC942}") = "2025-12-13 월간 코드 챌린지 시즌1 (쿼드압축 후 개수 세기)", "2025-12-13 월간 코드 챌린지 시즌1 (쿼드압축 후 개수 세기)\2025-12-13 월간 코드 챌린지 시즌1 (쿼드압축 후 개수 세기).vcxproj", "{A293C423-42D4-4EF4-AD87-2F9164ED783D}"
EndProject
Global
	GlobalSection(SolutionConfigurationPlatforms) = preSolution
		Debug|x64 = Debug|x64
		Debug|x86 = Debug|x86
		Release|x64 = Release|x64
		Release|x86 = Release|x86
	EndGlobalSection
	GlobalSection(ProjectConfigurationPlatforms) = postSolution
		{A293C423-42D4-4EF4-AD87-2F9164ED783D}.Debug|x64.ActiveCfg = Debug|x64
		{A293C423-42D4-4EF4-AD87-2F9164ED783D}.Debug|x64.Build.0 = Debug|x64
		{A293C423-42D4-4EF4-AD87-2F9164ED783D}.Debug|x86.ActiveCfg = Debug|Win32
		{A293C423-42D4-4EF4-AD87-2F9164ED783D}.Debug|x86.Build.0 = Debug|Win32
		{A293C423-42D4-4EF4-AD87-2F9164ED783D}.Release|x64.ActiveCfg = Release|x64
		{A293C423-42D4-4EF4-AD87-2F9164ED783D}.Release|x64.Build.0 = Release|x64
		{A293C423-42D4-4EF4-AD87-2F9164ED783D}.Release|x86.ActiveCfg = Release|Win32
		{A293C423-42D4-4EF4-AD87-2F9164ED783D}.Release|x86.Build.0 = Release|Win32
	EndGlobalSection
	GlobalSection(SolutionProperties) = preSolution
		HideSolutionNode = FALSE
	EndGlobalSection
	GlobalSection(ExtensibilityGlobals) = postSolution
		SolutionGuid = {C7861D25-BFB4-48B9-BEE0-961767FDF353}
	EndGlobalSection
EndGlobal
