
Microsoft Visual Studio Solution File, Format Version 12.00
# Visual Studio Version 17
VisualStudioVersion = 17.14.36705.20 d17.14
MinimumVisualStudioVersion = 10.0.40219.1
Project("{8BC9CEB8-8B4A-11D0-8D11-00A0C91BC942}") = "2025-12-31 연습문제 (다음 큰 숫자)", "2025-12-31 연습문제 (다음 큰 숫자)\2025-12-31 연습문제 (다음 큰 숫자).vcxproj", "{FBCDDA12-958F-4526-806D-3A80D21B174D}"
EndProject
Global
	GlobalSection(SolutionConfigurationPlatforms) = preSolution
		Debug|x64 = Debug|x64
		Debug|x86 = Debug|x86
		Release|x64 = Release|x64
		Release|x86 = Release|x86
	EndGlobalSection
	GlobalSection(ProjectConfigurationPlatforms) = postSolution
		{FBCDDA12-958F-4526-806D-3A80D21B174D}.Debug|x64.ActiveCfg = Debug|x64
		{FBCDDA12-958F-4526-806D-3A80D21B174D}.Debug|x64.Build.0 = Debug|x64
		{FBCDDA12-958F-4526-806D-3A80D21B174D}.Debug|x86.ActiveCfg = Debug|Win32
		{FBCDDA12-958F-4526-806D-3A80D21B174D}.Debug|x86.Build.0 = Debug|Win32
		{FBCDDA12-958F-4526-806D-3A80D21B174D}.Release|x64.ActiveCfg = Release|x64
		{FBCDDA12-958F-4526-806D-3A80D21B174D}.Release|x64.Build.0 = Release|x64
		{FBCDDA12-958F-4526-806D-3A80D21B174D}.Release|x86.ActiveCfg = Release|Win32
		{FBCDDA12-958F-4526-806D-3A80D21B174D}.Release|x86.Build.0 = Release|Win32
	EndGlobalSection
	GlobalSection(SolutionProperties) = preSolution
		HideSolutionNode = FALSE
	EndGlobalSection
	GlobalSection(ExtensibilityGlobals) = postSolution
		SolutionGuid = {B5D01BF6-5A5A-4A7B-BBB7-8D8E03D4B49D}
	EndGlobalSection
EndGlobal
