
Microsoft Visual Studio Solution File, Format Version 12.00
# Visual Studio Version 17
VisualStudioVersion = 17.14.36705.20 d17.14
MinimumVisualStudioVersion = 10.0.40219.1
Project("{8BC9CEB8-8B4A-11D0-8D11-00A0C91BC942}") = "2025-12-15 Summer,Winter Coding(~2018) (영어 끝말잇기)", "2025-12-15 Summer,Winter Coding(~2018) (영어 끝말잇기)\2025-12-15 Summer,Winter Coding(~2018) (영어 끝말잇기).vcxproj", "{9E50C57C-77DE-4D39-8817-9CF32749911D}"
EndProject
Global
	GlobalSection(SolutionConfigurationPlatforms) = preSolution
		Debug|x64 = Debug|x64
		Debug|x86 = Debug|x86
		Release|x64 = Release|x64
		Release|x86 = Release|x86
	EndGlobalSection
	GlobalSection(ProjectConfigurationPlatforms) = postSolution
		{9E50C57C-77DE-4D39-8817-9CF32749911D}.Debug|x64.ActiveCfg = Debug|x64
		{9E50C57C-77DE-4D39-8817-9CF32749911D}.Debug|x64.Build.0 = Debug|x64
		{9E50C57C-77DE-4D39-8817-9CF32749911D}.Debug|x86.ActiveCfg = Debug|Win32
		{9E50C57C-77DE-4D39-8817-9CF32749911D}.Debug|x86.Build.0 = Debug|Win32
		{9E50C57C-77DE-4D39-8817-9CF32749911D}.Release|x64.ActiveCfg = Release|x64
		{9E50C57C-77DE-4D39-8817-9CF32749911D}.Release|x64.Build.0 = Release|x64
		{9E50C57C-77DE-4D39-8817-9CF32749911D}.Release|x86.ActiveCfg = Release|Win32
		{9E50C57C-77DE-4D39-8817-9CF32749911D}.Release|x86.Build.0 = Release|Win32
	EndGlobalSection
	GlobalSection(SolutionProperties) = preSolution
		HideSolutionNode = FALSE
	EndGlobalSection
	GlobalSection(ExtensibilityGlobals) = postSolution
		SolutionGuid = {71CE2194-797D-4DD4-88BF-B5AC350FB9C7}
	EndGlobalSection
EndGlobal
